
Microsoft Visual Studio Solution File, Format Version 12.00
# Visual Studio Version 17
VisualStudioVersion = 17.14.36202.13
MinimumVisualStudioVersion = 10.0.40219.1
Project("{FAE04EC0-301F-11D3-BF4B-00C04F79EFBC}") = "NewsAggregator.API", "NewsAggregator.API\NewsAggregator.API.csproj", "{36CF1388-9751-409D-BFFA-64CE92FDA71B}"
EndProject
Project("{FAE04EC0-301F-11D3-BF4B-00C04F79EFBC}") = "NewsAggregator.DAL", "NewsAggregator.Persistence\NewsAggregator.DAL.csproj", "{44539E0B-B82D-43F5-8536-A5DFC5E26741}"
EndProject
Project("{FAE04EC0-301F-11D3-BF4B-00C04F79EFBC}") = "NewsAggregator.BackgroundJobs", "NewsAggregator.BackgroundJobs\NewsAggregator.BackgroundJobs.csproj", "{F59BD5DF-321C-4186-B19A-3E61ACD6EB0F}"
EndProject
Project("{FAE04EC0-301F-11D3-BF4B-00C04F79EFBC}") = "NewsAggregator.Tests", "NewsAggregator.Tests\NewsAggregator.Tests.csproj", "{A1B4BBBB-E9F6-4793-8BD1-46FCEFC24B99}"
EndProject
Global
	GlobalSection(SolutionConfigurationPlatforms) = preSolution
		Debug|Any CPU = Debug|Any CPU
		Debug|x64 = Debug|x64
		Debug|x86 = Debug|x86
		Release|Any CPU = Release|Any CPU
		Release|x64 = Release|x64
		Release|x86 = Release|x86
	EndGlobalSection
	GlobalSection(ProjectConfigurationPlatforms) = postSolution
		{36CF1388-9751-409D-BFFA-64CE92FDA71B}.Debug|Any CPU.ActiveCfg = Debug|Any CPU
		{36CF1388-9751-409D-BFFA-64CE92FDA71B}.Debug|Any CPU.Build.0 = Debug|Any CPU
		{36CF1388-9751-409D-BFFA-64CE92FDA71B}.Debug|x64.ActiveCfg = Debug|Any CPU
		{36CF1388-9751-409D-BFFA-64CE92FDA71B}.Debug|x64.Build.0 = Debug|Any CPU
		{36CF1388-9751-409D-BFFA-64CE92FDA71B}.Debug|x86.ActiveCfg = Debug|Any CPU
		{36CF1388-9751-409D-BFFA-64CE92FDA71B}.Debug|x86.Build.0 = Debug|Any CPU
		{36CF1388-9751-409D-BFFA-64CE92FDA71B}.Release|Any CPU.ActiveCfg = Release|Any CPU
		{36CF1388-9751-409D-BFFA-64CE92FDA71B}.Release|Any CPU.Build.0 = Release|Any CPU
		{36CF1388-9751-409D-BFFA-64CE92FDA71B}.Release|x64.ActiveCfg = Release|Any CPU
		{36CF1388-9751-409D-BFFA-64CE92FDA71B}.Release|x64.Build.0 = Release|Any CPU
		{36CF1388-9751-409D-BFFA-64CE92FDA71B}.Release|x86.ActiveCfg = Release|Any CPU
		{36CF1388-9751-409D-BFFA-64CE92FDA71B}.Release|x86.Build.0 = Release|Any CPU
		{44539E0B-B82D-43F5-8536-A5DFC5E26741}.Debug|Any CPU.ActiveCfg = Debug|Any CPU
		{44539E0B-B82D-43F5-8536-A5DFC5E26741}.Debug|Any CPU.Build.0 = Debug|Any CPU
		{44539E0B-B82D-43F5-8536-A5DFC5E26741}.Debug|x64.ActiveCfg = Debug|Any CPU
		{44539E0B-B82D-43F5-8536-A5DFC5E26741}.Debug|x64.Build.0 = Debug|Any CPU
		{44539E0B-B82D-43F5-8536-A5DFC5E26741}.Debug|x86.ActiveCfg = Debug|Any CPU
		{44539E0B-B82D-43F5-8536-A5DFC5E26741}.Debug|x86.Build.0 = Debug|Any CPU
		{44539E0B-B82D-43F5-8536-A5DFC5E26741}.Release|Any CPU.ActiveCfg = Release|Any CPU
		{44539E0B-B82D-43F5-8536-A5DFC5E26741}.Release|Any CPU.Build.0 = Release|Any CPU
		{44539E0B-B82D-43F5-8536-A5DFC5E26741}.Release|x64.ActiveCfg = Release|Any CPU
		{44539E0B-B82D-43F5-8536-A5DFC5E26741}.Release|x64.Build.0 = Release|Any CPU
		{44539E0B-B82D-43F5-8536-A5DFC5E26741}.Release|x86.ActiveCfg = Release|Any CPU
		{44539E0B-B82D-43F5-8536-A5DFC5E26741}.Release|x86.Build.0 = Release|Any CPU
		{F59BD5DF-321C-4186-B19A-3E61ACD6EB0F}.Debug|Any CPU.ActiveCfg = Debug|Any CPU
		{F59BD5DF-321C-4186-B19A-3E61ACD6EB0F}.Debug|Any CPU.Build.0 = Debug|Any CPU
		{F59BD5DF-321C-4186-B19A-3E61ACD6EB0F}.Debug|x64.ActiveCfg = Debug|Any CPU
		{F59BD5DF-321C-4186-B19A-3E61ACD6EB0F}.Debug|x64.Build.0 = Debug|Any CPU
		{F59BD5DF-321C-4186-B19A-3E61ACD6EB0F}.Debug|x86.ActiveCfg = Debug|Any CPU
		{F59BD5DF-321C-4186-B19A-3E61ACD6EB0F}.Debug|x86.Build.0 = Debug|Any CPU
		{F59BD5DF-321C-4186-B19A-3E61ACD6EB0F}.Release|Any CPU.ActiveCfg = Release|Any CPU
		{F59BD5DF-321C-4186-B19A-3E61ACD6EB0F}.Release|Any CPU.Build.0 = Release|Any CPU
		{F59BD5DF-321C-4186-B19A-3E61ACD6EB0F}.Release|x64.ActiveCfg = Release|Any CPU
		{F59BD5DF-321C-4186-B19A-3E61ACD6EB0F}.Release|x64.Build.0 = Release|Any CPU
		{F59BD5DF-321C-4186-B19A-3E61ACD6EB0F}.Release|x86.ActiveCfg = Release|Any CPU
		{F59BD5DF-321C-4186-B19A-3E61ACD6EB0F}.Release|x86.Build.0 = Release|Any CPU
		{A1B4BBBB-E9F6-4793-8BD1-46FCEFC24B99}.Debug|Any CPU.ActiveCfg = Debug|Any CPU
		{A1B4BBBB-E9F6-4793-8BD1-46FCEFC24B99}.Debug|Any CPU.Build.0 = Debug|Any CPU
		{A1B4BBBB-E9F6-4793-8BD1-46FCEFC24B99}.Debug|x64.ActiveCfg = Debug|Any CPU
		{A1B4BBBB-E9F6-4793-8BD1-46FCEFC24B99}.Debug|x64.Build.0 = Debug|Any CPU
		{A1B4BBBB-E9F6-4793-8BD1-46FCEFC24B99}.Debug|x86.ActiveCfg = Debug|Any CPU
		{A1B4BBBB-E9F6-4793-8BD1-46FCEFC24B99}.Debug|x86.Build.0 = Debug|Any CPU
		{A1B4BBBB-E9F6-4793-8BD1-46FCEFC24B99}.Release|Any CPU.ActiveCfg = Release|Any CPU
		{A1B4BBBB-E9F6-4793-8BD1-46FCEFC24B99}.Release|Any CPU.Build.0 = Release|Any CPU
		{A1B4BBBB-E9F6-4793-8BD1-46FCEFC24B99}.Release|x64.ActiveCfg = Release|Any CPU
		{A1B4BBBB-E9F6-4793-8BD1-46FCEFC24B99}.Release|x64.Build.0 = Release|Any CPU
		{A1B4BBBB-E9F6-4793-8BD1-46FCEFC24B99}.Release|x86.ActiveCfg = Release|Any CPU
		{A1B4BBBB-E9F6-4793-8BD1-46FCEFC24B99}.Release|x86.Build.0 = Release|Any CPU
	EndGlobalSection
	GlobalSection(SolutionProperties) = preSolution
		HideSolutionNode = FALSE
	EndGlobalSection
	GlobalSection(ExtensibilityGlobals) = postSolution
		SolutionGuid = {B5429E3C-851D-420A-A362-C55053854A21}
	EndGlobalSection
EndGlobal
